{
  "requires": true,
  "lockfileVersion": 1,
  "dependencies": {
    "semantic-ui-search": {
      "version": "2.2.12",
      "resolved": "https://registry.npmjs.org/semantic-ui-search/-/semantic-ui-search-2.2.12.tgz",
      "integrity": "sha512-ccn16KmUB9RRt4ExMiMJ/8J5sCldZqTe2Nh/YLDCMvzol8L+MA7Q9in7oKuDKTQiNBaP5t7D2nPIWIz6RsEc4w=="
    }
  }
}
